
Microsoft Visual Studio Solution File, Format Version 12.00
# Visual Studio Version 16
VisualStudioVersion = 16.0.32002.261
MinimumVisualStudioVersion = 10.0.40219.1
Project("{FAE04EC0-301F-11D3-BF4B-00C04F79EFBC}") = "NullAbstract", "NullAbstract\NullAbstract.csproj", "{45E0EDE5-1509-4354-9B7A-FF771F180E4B}"
EndProject
Global
	GlobalSection(SolutionConfigurationPlatforms) = preSolution
		Debug|Any CPU = Debug|Any CPU
		Release|Any CPU = Release|Any CPU
	EndGlobalSection
	GlobalSection(ProjectConfigurationPlatforms) = postSolution
		{45E0EDE5-1509-4354-9B7A-FF771F180E4B}.Debug|Any CPU.ActiveCfg = Debug|Any CPU
		{45E0EDE5-1509-4354-9B7A-FF771F180E4B}.Debug|Any CPU.Build.0 = Debug|Any CPU
		{45E0EDE5-1509-4354-9B7A-FF771F180E4B}.Release|Any CPU.ActiveCfg = Release|Any CPU
		{45E0EDE5-1509-4354-9B7A-FF771F180E4B}.Release|Any CPU.Build.0 = Release|Any CPU
	EndGlobalSection
	GlobalSection(SolutionProperties) = preSolution
		HideSolutionNode = FALSE
	EndGlobalSection
	GlobalSection(ExtensibilityGlobals) = postSolution
		SolutionGuid = {AA28F12E-637D-4995-B81B-355E81A10A8F}
	EndGlobalSection
EndGlobal
