
Microsoft Visual Studio Solution File, Format Version 12.00
# Visual Studio Version 16
VisualStudioVersion = 16.0.32002.261
MinimumVisualStudioVersion = 10.0.40219.1
Project("{FAE04EC0-301F-11D3-BF4B-00C04F79EFBC}") = "29-03-2022", "29-03-2022\29-03-2022.csproj", "{DBF4670D-8BA3-4F37-8659-59869A64C629}"
EndProject
Global
	GlobalSection(SolutionConfigurationPlatforms) = preSolution
		Debug|Any CPU = Debug|Any CPU
		Release|Any CPU = Release|Any CPU
	EndGlobalSection
	GlobalSection(ProjectConfigurationPlatforms) = postSolution
		{DBF4670D-8BA3-4F37-8659-59869A64C629}.Debug|Any CPU.ActiveCfg = Debug|Any CPU
		{DBF4670D-8BA3-4F37-8659-59869A64C629}.Debug|Any CPU.Build.0 = Debug|Any CPU
		{DBF4670D-8BA3-4F37-8659-59869A64C629}.Release|Any CPU.ActiveCfg = Release|Any CPU
		{DBF4670D-8BA3-4F37-8659-59869A64C629}.Release|Any CPU.Build.0 = Release|Any CPU
	EndGlobalSection
	GlobalSection(SolutionProperties) = preSolution
		HideSolutionNode = FALSE
	EndGlobalSection
	GlobalSection(ExtensibilityGlobals) = postSolution
		SolutionGuid = {D716B573-5946-4B9A-BA79-82B76B60DC92}
	EndGlobalSection
EndGlobal
